
Microsoft Visual Studio Solution File, Format Version 12.00
# Visual Studio Version 16
VisualStudioVersion = 16.0.810.11
MinimumVisualStudioVersion = 10.0.40219.1
Project("{FAE04EC0-301F-11D3-BF4B-00C04F79EFBC}") = "Lesson10Tinder", "Lesson10Tinder\Lesson10Tinder.csproj", "{1BADC1B6-C292-4B43-93D4-1371FB3F50B8}"
EndProject
Global
	GlobalSection(SolutionConfigurationPlatforms) = preSolution
		Debug|anycpu = Debug|anycpu
		Release|anycpu = Release|anycpu
	EndGlobalSection
	GlobalSection(ProjectConfigurationPlatforms) = postSolution
		{1BADC1B6-C292-4B43-93D4-1371FB3F50B8}.Debug|anycpu.ActiveCfg = Debug|anycpu
		{1BADC1B6-C292-4B43-93D4-1371FB3F50B8}.Debug|anycpu.Build.0 = Debug|anycpu
		{1BADC1B6-C292-4B43-93D4-1371FB3F50B8}.Release|anycpu.ActiveCfg = Release|anycpu
		{1BADC1B6-C292-4B43-93D4-1371FB3F50B8}.Release|anycpu.Build.0 = Release|anycpu
	EndGlobalSection
	GlobalSection(SolutionProperties) = preSolution
		HideSolutionNode = FALSE
	EndGlobalSection
	GlobalSection(ExtensibilityGlobals) = postSolution
		SolutionGuid = {97AA0A15-8042-4090-93D2-0E2D3F58B56D}
	EndGlobalSection
EndGlobal
