
Microsoft Visual Studio Solution File, Format Version 12.00
# Visual Studio Version 16
VisualStudioVersion = 16.0.810.15
MinimumVisualStudioVersion = 10.0.40219.1
Project("{FAE04EC0-301F-11D3-BF4B-00C04F79EFBC}") = "lesson2", "lesson2\lesson2.csproj", "{11B839B8-A81D-483E-834F-FB8B8D467FB2}"
EndProject
Global
	GlobalSection(SolutionConfigurationPlatforms) = preSolution
		Debug|anycpu = Debug|anycpu
		Release|anycpu = Release|anycpu
	EndGlobalSection
	GlobalSection(ProjectConfigurationPlatforms) = postSolution
		{11B839B8-A81D-483E-834F-FB8B8D467FB2}.Debug|anycpu.ActiveCfg = Debug|anycpu
		{11B839B8-A81D-483E-834F-FB8B8D467FB2}.Debug|anycpu.Build.0 = Debug|anycpu
		{11B839B8-A81D-483E-834F-FB8B8D467FB2}.Release|anycpu.ActiveCfg = Release|anycpu
		{11B839B8-A81D-483E-834F-FB8B8D467FB2}.Release|anycpu.Build.0 = Release|anycpu
	EndGlobalSection
	GlobalSection(SolutionProperties) = preSolution
		HideSolutionNode = FALSE
	EndGlobalSection
	GlobalSection(ExtensibilityGlobals) = postSolution
		SolutionGuid = {75794410-F15F-4BBB-A704-CAA2148E7CFB}
	EndGlobalSection
EndGlobal
