
Microsoft Visual Studio Solution File, Format Version 12.00
# Visual Studio Version 16
VisualStudioVersion = 16.0.810.15
MinimumVisualStudioVersion = 10.0.40219.1
Project("{FAE04EC0-301F-11D3-BF4B-00C04F79EFBC}") = "Lesson10_practicum", "Lesson10_practicum\Lesson10_practicum.csproj", "{E9E37E36-B274-488B-A4D5-93CFC974295E}"
EndProject
Global
	GlobalSection(SolutionConfigurationPlatforms) = preSolution
		Debug|anycpu = Debug|anycpu
		Release|anycpu = Release|anycpu
	EndGlobalSection
	GlobalSection(ProjectConfigurationPlatforms) = postSolution
		{E9E37E36-B274-488B-A4D5-93CFC974295E}.Debug|anycpu.ActiveCfg = Debug|anycpu
		{E9E37E36-B274-488B-A4D5-93CFC974295E}.Debug|anycpu.Build.0 = Debug|anycpu
		{E9E37E36-B274-488B-A4D5-93CFC974295E}.Release|anycpu.ActiveCfg = Release|anycpu
		{E9E37E36-B274-488B-A4D5-93CFC974295E}.Release|anycpu.Build.0 = Release|anycpu
	EndGlobalSection
	GlobalSection(SolutionProperties) = preSolution
		HideSolutionNode = FALSE
	EndGlobalSection
	GlobalSection(ExtensibilityGlobals) = postSolution
		SolutionGuid = {F54BCB0A-266F-4456-8056-79BB5B5E593F}
	EndGlobalSection
EndGlobal
