
Microsoft Visual Studio Solution File, Format Version 12.00
# Visual Studio Version 16
VisualStudioVersion = 16.0.810.15
MinimumVisualStudioVersion = 10.0.40219.1
Project("{FAE04EC0-301F-11D3-BF4B-00C04F79EFBC}") = "lesson7_exception", "lesson7_exception\lesson7_exception.csproj", "{3BA3FD9C-9E04-4434-8A25-EDF304BC9FF6}"
EndProject
Global
	GlobalSection(SolutionConfigurationPlatforms) = preSolution
		Debug|anycpu = Debug|anycpu
		Release|anycpu = Release|anycpu
	EndGlobalSection
	GlobalSection(ProjectConfigurationPlatforms) = postSolution
		{3BA3FD9C-9E04-4434-8A25-EDF304BC9FF6}.Debug|anycpu.ActiveCfg = Debug|anycpu
		{3BA3FD9C-9E04-4434-8A25-EDF304BC9FF6}.Debug|anycpu.Build.0 = Debug|anycpu
		{3BA3FD9C-9E04-4434-8A25-EDF304BC9FF6}.Release|anycpu.ActiveCfg = Release|anycpu
		{3BA3FD9C-9E04-4434-8A25-EDF304BC9FF6}.Release|anycpu.Build.0 = Release|anycpu
	EndGlobalSection
	GlobalSection(SolutionProperties) = preSolution
		HideSolutionNode = FALSE
	EndGlobalSection
	GlobalSection(ExtensibilityGlobals) = postSolution
		SolutionGuid = {3765C1F6-1B1C-4ED7-9A7C-42A31A1B059F}
	EndGlobalSection
EndGlobal
