
Microsoft Visual Studio Solution File, Format Version 12.00
# Visual Studio Version 16
VisualStudioVersion = 16.0.810.11
MinimumVisualStudioVersion = 10.0.40219.1
Project("{FAE04EC0-301F-11D3-BF4B-00C04F79EFBC}") = "Lesson10Spotify", "Lesson10Spotify\Lesson10Spotify.csproj", "{235C5627-6AC0-40E9-8B43-FFE3EE14FE3B}"
EndProject
Global
	GlobalSection(SolutionConfigurationPlatforms) = preSolution
		Debug|anycpu = Debug|anycpu
		Release|anycpu = Release|anycpu
	EndGlobalSection
	GlobalSection(ProjectConfigurationPlatforms) = postSolution
		{235C5627-6AC0-40E9-8B43-FFE3EE14FE3B}.Debug|anycpu.ActiveCfg = Debug|anycpu
		{235C5627-6AC0-40E9-8B43-FFE3EE14FE3B}.Debug|anycpu.Build.0 = Debug|anycpu
		{235C5627-6AC0-40E9-8B43-FFE3EE14FE3B}.Release|anycpu.ActiveCfg = Release|anycpu
		{235C5627-6AC0-40E9-8B43-FFE3EE14FE3B}.Release|anycpu.Build.0 = Release|anycpu
	EndGlobalSection
	GlobalSection(SolutionProperties) = preSolution
		HideSolutionNode = FALSE
	EndGlobalSection
	GlobalSection(ExtensibilityGlobals) = postSolution
		SolutionGuid = {DD94E169-C66F-4D85-8C00-68747A4A3309}
	EndGlobalSection
EndGlobal
