
Microsoft Visual Studio Solution File, Format Version 12.00
# Visual Studio Version 16
VisualStudioVersion = 16.0.810.15
MinimumVisualStudioVersion = 10.0.40219.1
Project("{FAE04EC0-301F-11D3-BF4B-00C04F79EFBC}") = "lesson1", "lesson1\lesson1.csproj", "{22411F21-58B2-4629-9441-BEF49E761CBA}"
EndProject
Global
	GlobalSection(SolutionConfigurationPlatforms) = preSolution
		Debug|anycpu = Debug|anycpu
		Release|anycpu = Release|anycpu
	EndGlobalSection
	GlobalSection(ProjectConfigurationPlatforms) = postSolution
		{22411F21-58B2-4629-9441-BEF49E761CBA}.Debug|anycpu.ActiveCfg = Debug|anycpu
		{22411F21-58B2-4629-9441-BEF49E761CBA}.Debug|anycpu.Build.0 = Debug|anycpu
		{22411F21-58B2-4629-9441-BEF49E761CBA}.Release|anycpu.ActiveCfg = Release|anycpu
		{22411F21-58B2-4629-9441-BEF49E761CBA}.Release|anycpu.Build.0 = Release|anycpu
	EndGlobalSection
	GlobalSection(SolutionProperties) = preSolution
		HideSolutionNode = FALSE
	EndGlobalSection
	GlobalSection(ExtensibilityGlobals) = postSolution
		SolutionGuid = {3E9537AA-75B1-44DE-89CD-A59459B70536}
	EndGlobalSection
EndGlobal
