
Microsoft Visual Studio Solution File, Format Version 12.00
# Visual Studio Version 16
VisualStudioVersion = 16.0.810.15
MinimumVisualStudioVersion = 10.0.40219.1
Project("{FAE04EC0-301F-11D3-BF4B-00C04F79EFBC}") = "Lesson8_practical", "Lesson8_practical\Lesson8_practical.csproj", "{E14BFF6D-6D98-4533-9D73-91C28481D160}"
EndProject
Global
	GlobalSection(SolutionConfigurationPlatforms) = preSolution
		Debug|anycpu = Debug|anycpu
		Release|anycpu = Release|anycpu
	EndGlobalSection
	GlobalSection(ProjectConfigurationPlatforms) = postSolution
		{E14BFF6D-6D98-4533-9D73-91C28481D160}.Debug|anycpu.ActiveCfg = Debug|anycpu
		{E14BFF6D-6D98-4533-9D73-91C28481D160}.Debug|anycpu.Build.0 = Debug|anycpu
		{E14BFF6D-6D98-4533-9D73-91C28481D160}.Release|anycpu.ActiveCfg = Release|anycpu
		{E14BFF6D-6D98-4533-9D73-91C28481D160}.Release|anycpu.Build.0 = Release|anycpu
	EndGlobalSection
	GlobalSection(SolutionProperties) = preSolution
		HideSolutionNode = FALSE
	EndGlobalSection
	GlobalSection(ExtensibilityGlobals) = postSolution
		SolutionGuid = {DAC9A3E7-CC53-454D-AD04-9491A9BEC0DD}
	EndGlobalSection
EndGlobal
