
Microsoft Visual Studio Solution File, Format Version 12.00
# Visual Studio Version 16
VisualStudioVersion = 16.0.810.15
MinimumVisualStudioVersion = 10.0.40219.1
Project("{FAE04EC0-301F-11D3-BF4B-00C04F79EFBC}") = "lesson3_theory", "lesson3_theory\lesson3_theory.csproj", "{6E54A72E-37B5-46E6-BE43-2FF789545B79}"
EndProject
Global
	GlobalSection(SolutionConfigurationPlatforms) = preSolution
		Debug|anycpu = Debug|anycpu
		Release|anycpu = Release|anycpu
	EndGlobalSection
	GlobalSection(ProjectConfigurationPlatforms) = postSolution
		{6E54A72E-37B5-46E6-BE43-2FF789545B79}.Debug|anycpu.ActiveCfg = Debug|anycpu
		{6E54A72E-37B5-46E6-BE43-2FF789545B79}.Debug|anycpu.Build.0 = Debug|anycpu
		{6E54A72E-37B5-46E6-BE43-2FF789545B79}.Release|anycpu.ActiveCfg = Release|anycpu
		{6E54A72E-37B5-46E6-BE43-2FF789545B79}.Release|anycpu.Build.0 = Release|anycpu
	EndGlobalSection
	GlobalSection(SolutionProperties) = preSolution
		HideSolutionNode = FALSE
	EndGlobalSection
	GlobalSection(ExtensibilityGlobals) = postSolution
		SolutionGuid = {AFE73A85-BC43-437F-AB27-9ED4600ABD2A}
	EndGlobalSection
EndGlobal
