
Microsoft Visual Studio Solution File, Format Version 12.00
# Visual Studio Version 16
VisualStudioVersion = 16.0.810.15
MinimumVisualStudioVersion = 10.0.40219.1
Project("{FAE04EC0-301F-11D3-BF4B-00C04F79EFBC}") = "Lesson5_practicum", "Lesson5_practicum\Lesson5_practicum.csproj", "{E7A2DEC9-975A-4565-A96C-533A79E1470B}"
EndProject
Global
	GlobalSection(SolutionConfigurationPlatforms) = preSolution
		Debug|anycpu = Debug|anycpu
		Release|anycpu = Release|anycpu
	EndGlobalSection
	GlobalSection(ProjectConfigurationPlatforms) = postSolution
		{E7A2DEC9-975A-4565-A96C-533A79E1470B}.Debug|anycpu.ActiveCfg = Debug|anycpu
		{E7A2DEC9-975A-4565-A96C-533A79E1470B}.Debug|anycpu.Build.0 = Debug|anycpu
		{E7A2DEC9-975A-4565-A96C-533A79E1470B}.Release|anycpu.ActiveCfg = Release|anycpu
		{E7A2DEC9-975A-4565-A96C-533A79E1470B}.Release|anycpu.Build.0 = Release|anycpu
	EndGlobalSection
	GlobalSection(SolutionProperties) = preSolution
		HideSolutionNode = FALSE
	EndGlobalSection
	GlobalSection(ExtensibilityGlobals) = postSolution
		SolutionGuid = {5E0F4FAB-6B31-4007-A83F-04A637C8C1DE}
	EndGlobalSection
EndGlobal
