
Microsoft Visual Studio Solution File, Format Version 12.00
# Visual Studio Version 16
VisualStudioVersion = 16.0.810.11
MinimumVisualStudioVersion = 10.0.40219.1
Project("{FAE04EC0-301F-11D3-BF4B-00C04F79EFBC}") = "lesson10BandGenerator", "lesson10BandGenerator\lesson10BandGenerator.csproj", "{67D5E60B-D55F-4BE3-8B1C-A73A51B228F2}"
EndProject
Global
	GlobalSection(SolutionConfigurationPlatforms) = preSolution
		Debug|anycpu = Debug|anycpu
		Release|anycpu = Release|anycpu
	EndGlobalSection
	GlobalSection(ProjectConfigurationPlatforms) = postSolution
		{67D5E60B-D55F-4BE3-8B1C-A73A51B228F2}.Debug|anycpu.ActiveCfg = Debug|anycpu
		{67D5E60B-D55F-4BE3-8B1C-A73A51B228F2}.Debug|anycpu.Build.0 = Debug|anycpu
		{67D5E60B-D55F-4BE3-8B1C-A73A51B228F2}.Release|anycpu.ActiveCfg = Release|anycpu
		{67D5E60B-D55F-4BE3-8B1C-A73A51B228F2}.Release|anycpu.Build.0 = Release|anycpu
	EndGlobalSection
	GlobalSection(SolutionProperties) = preSolution
		HideSolutionNode = FALSE
	EndGlobalSection
	GlobalSection(ExtensibilityGlobals) = postSolution
		SolutionGuid = {43DCDCCE-91B6-4544-9EF0-7CF91D635FE9}
	EndGlobalSection
EndGlobal
